{
  "name": "snmp-agent-simulator",
  "version": "1.0.0",
  "lockfileVersion": 1,
  "requires": true,
  "dependencies": {
    "asn1js": {
      "version": "2.0.22",
      "resolved": "https://registry.npmjs.org/asn1js/-/asn1js-2.0.22.tgz",
      "integrity": "sha512-mKox8OHPmLZY0FUbd8JYsAu2lQk61yFH8gTq4N7AT7NzmUKISpy0LEjV/AfLyE/SNCUicdMDZUFbocsf/9qOTg==",
      "requires": {
        "pvutils": "^1.0.17"
      }
    },
    "pvutils": {
      "version": "1.0.17",
      "resolved": "https://registry.npmjs.org/pvutils/-/pvutils-1.0.17.tgz",
      "integrity": "sha512-wLHYUQxWaXVQvKnwIDWFVKDJku9XDCvyhhxoq8dc5MFdIlRenyPI9eSfEtcvgHgD7FlvCyGAlWgOzRnZD99GZQ=="
    }
  }
}
